{
  "name": "dasher",
  "version": "1.0.0",
  "lockfileVersion": 1,
  "requires": true,
  "dependencies": {
    "codem-isoboxer": {
      "version": "0.3.5",
      "resolved": "https://registry.npmjs.org/codem-isoboxer/-/codem-isoboxer-0.3.5.tgz",
      "integrity": "sha512-F+OY4gCwxe+YnsqOkQTPrnRqoncAUmxqXNdgmuCE3Omvl3WQ9WLvhSJUZ0IGJljoxkdwpCQdPdcdMEPJnOQ1Ow=="
    },
    "dashjs": {
      "version": "2.5.0",
      "resolved": "https://registry.npmjs.org/dashjs/-/dashjs-2.5.0.tgz",
      "integrity": "sha1-koU6Hjc5Ee/yPyr6dYmBcpE5YiU=",
      "requires": {
        "codem-isoboxer": "0.3.5",
        "round10": "1.0.3"
      }
    },
    "hls.js": {
      "version": "0.7.11",
      "resolved": "https://registry.npmjs.org/hls.js/-/hls.js-0.7.11.tgz",
      "integrity": "sha1-6ESL41okNbrSS4uT2ef5wFZZuyg="
    },
    "round10": {
      "version": "1.0.3",
      "resolved": "https://registry.npmjs.org/round10/-/round10-1.0.3.tgz",
      "integrity": "sha1-hhEPRqEIdKGTHaf91eBtGFeo5NA="
    },
    "xhr2": {
      "version": "0.1.4",
      "resolved": "https://registry.npmjs.org/xhr2/-/xhr2-0.1.4.tgz",
      "integrity": "sha1-f4dliEdxbbUCYyOBL4GMras4el8="
    },
    "xmldom": {
      "version": "0.1.27",
      "resolved": "https://registry.npmjs.org/xmldom/-/xmldom-0.1.27.tgz",
      "integrity": "sha1-1QH5ezvbQDr4757MIFcxh6rawOk="
    }
  }
}
